// !$*UTF8*$!
{
	archiveVersion = 1;
	classes = {
	};
	objectVersion = 55;
	objects = {

/* Begin PBXBuildFile section */
		9F100BBB278CA9BE00A27875 /* ActivitiesViewController.swift in Sources */ = {isa = PBXBuildFile; fileRef = 9F100BBA278CA9BE00A27875 /* ActivitiesViewController.swift */; };
		9F3EB6DC278AE73900CA4DBC /* dataStructure.swift in Sources */ = {isa = PBXBuildFile; fileRef = 9F3EB6DB278AE73900CA4DBC /* dataStructure.swift */; };
		9F3EB6DF278B257800CA4DBC /* DetailViewController.swift in Sources */ = {isa = PBXBuildFile; fileRef = 9F3EB6DE278B257800CA4DBC /* DetailViewController.swift */; };
		9F45967D2784A5DD00EBF6A7 /* AppDelegate.swift in Sources */ = {isa = PBXBuildFile; fileRef = 9F45967C2784A5DD00EBF6A7 /* AppDelegate.swift */; };
		9F45967F2784A5DD00EBF6A7 /* SceneDelegate.swift in Sources */ = {isa = PBXBuildFile; fileRef = 9F45967E2784A5DD00EBF6A7 /* SceneDelegate.swift */; };
		9F4596812784A5DD00EBF6A7 /* ViewController.swift in Sources */ = {isa = PBXBuildFile; fileRef = 9F4596802784A5DD00EBF6A7 /* ViewController.swift */; };
		9F4596872784A5DD00EBF6A7 /* VT6002CEM_217110981_LiuPoHim_Assignment2.xcdatamodeld in Sources */ = {isa = PBXBuildFile; fileRef = 9F4596852784A5DD00EBF6A7 /* VT6002CEM_217110981_LiuPoHim_Assignment2.xcdatamodeld */; };
		9F4596892784A5DF00EBF6A7 /* Assets.xcassets in Resources */ = {isa = PBXBuildFile; fileRef = 9F4596882784A5DF00EBF6A7 /* Assets.xcassets */; };
		9F45968C2784A5DF00EBF6A7 /* LaunchScreen.storyboard in Resources */ = {isa = PBXBuildFile; fileRef = 9F45968A2784A5DF00EBF6A7 /* LaunchScreen.storyboard */; };
		9F4596972784A5DF00EBF6A7 /* VT6002CEM_217110981_LiuPoHim_Assignment2Tests.swift in Sources */ = {isa = PBXBuildFile; fileRef = 9F4596962784A5DF00EBF6A7 /* VT6002CEM_217110981_LiuPoHim_Assignment2Tests.swift */; };
		9F4596A12784A5DF00EBF6A7 /* VT6002CEM_217110981_LiuPoHim_Assignment2UITests.swift in Sources */ = {isa = PBXBuildFile; fileRef = 9F4596A02784A5DF00EBF6A7 /* VT6002CEM_217110981_LiuPoHim_Assignment2UITests.swift */; };
		9F4596A32784A5DF00EBF6A7 /* VT6002CEM_217110981_LiuPoHim_Assignment2UITestsLaunchTests.swift in Sources */ = {isa = PBXBuildFile; fileRef = 9F4596A22784A5DF00EBF6A7 /* VT6002CEM_217110981_LiuPoHim_Assignment2UITestsLaunchTests.swift */; };
		9F4596B02784A7B300EBF6A7 /* HomePageViewController.swift in Sources */ = {isa = PBXBuildFile; fileRef = 9F4596AF2784A7B300EBF6A7 /* HomePageViewController.swift */; };
		9F4596B52784A81600EBF6A7 /* SignUpViewController.swift in Sources */ = {isa = PBXBuildFile; fileRef = 9F4596B12784A81400EBF6A7 /* SignUpViewController.swift */; };
		9F4596B62784A81600EBF6A7 /* LocationViewController.swift in Sources */ = {isa = PBXBuildFile; fileRef = 9F4596B22784A81400EBF6A7 /* LocationViewController.swift */; };
		9F4596B72784A81600EBF6A7 /* Utilities.swift in Sources */ = {isa = PBXBuildFile; fileRef = 9F4596B32784A81500EBF6A7 /* Utilities.swift */; };
		9F4596B82784A81600EBF6A7 /* LoginViewController.swift in Sources */ = {isa = PBXBuildFile; fileRef = 9F4596B42784A81600EBF6A7 /* LoginViewController.swift */; };
		9F4596BA2784A83A00EBF6A7 /* Main.storyboard in Resources */ = {isa = PBXBuildFile; fileRef = 9F4596B92784A83A00EBF6A7 /* Main.storyboard */; };
		9F4596BC2784A92C00EBF6A7 /* GoogleService-Info.plist in Resources */ = {isa = PBXBuildFile; fileRef = 9F4596BB2784A92B00EBF6A7 /* GoogleService-Info.plist */; };
		9F6500782789DFA300A3F598 /* TraditionalCraftsmanshipViewController.swift in Sources */ = {isa = PBXBuildFile; fileRef = 9F6500772789DFA300A3F598 /* TraditionalCraftsmanshipViewController.swift */; };
		9F65007A2789EC8C00A3F598 /* CustomCell.swift in Sources */ = {isa = PBXBuildFile; fileRef = 9F6500792789EC8C00A3F598 /* CustomCell.swift */; };
		9F9941F52787143000852DC8 /* ChangePasswordViewController.swift in Sources */ = {isa = PBXBuildFile; fileRef = 9F9941F42787143000852DC8 /* ChangePasswordViewController.swift */; };
		9FABEA622785DC3100EFA84C /* TabBarController.swift in Sources */ = {isa = PBXBuildFile; fileRef = 9FABEA612785DC3100EFA84C /* TabBarController.swift */; };
		9FABEA642785F5C800EFA84C /* UserViewController.swift in Sources */ = {isa = PBXBuildFile; fileRef = 9FABEA632785F5C800EFA84C /* UserViewController.swift */; };
		9FAFF68A278D75F7005E40D6 /* ActivitiesDetailViewController.swift in Sources */ = {isa = PBXBuildFile; fileRef = 9FAFF689278D75F7005E40D6 /* ActivitiesDetailViewController.swift */; };
		9FAFF68C278DC208005E40D6 /* FavoritesViewController.swift in Sources */ = {isa = PBXBuildFile; fileRef = 9FAFF68B278DC208005E40D6 /* FavoritesViewController.swift */; };
		B8DFE5C820C9D43118D3BC03 /* Pods_VT6002CEM_217110981_LiuPoHim_Assignment2.framework in Frameworks */ = {isa = PBXBuildFile; fileRef = CC8FE7714EA4EEB277FF185B /* Pods_VT6002CEM_217110981_LiuPoHim_Assignment2.framework */; };
		DFE22735984D71CA1B9D2352 /* Pods_VT6002CEM_217110981_LiuPoHim_Assignment2_VT6002CEM_217110981_LiuPoHim_Assignment2UITests.framework in Frameworks */ = {isa = PBXBuildFile; fileRef = 55F9055DE9C3E9EF6007D0DE /* Pods_VT6002CEM_217110981_LiuPoHim_Assignment2_VT6002CEM_217110981_LiuPoHim_Assignment2UITests.framework */; };
		FB76154CEA0DA831A2AB0C34 /* Pods_VT6002CEM_217110981_LiuPoHim_Assignment2Tests.framework in Frameworks */ = {isa = PBXBuildFile; fileRef = 8C27FC5917B08F16597259B8 /* Pods_VT6002CEM_217110981_LiuPoHim_Assignment2Tests.framework */; };
/* End PBXBuildFile section */

/* Begin PBXContainerItemProxy section */
		9F4596932784A5DF00EBF6A7 /* PBXContainerItemProxy */ = {
			isa = PBXContainerItemProxy;
			containerPortal = 9F4596712784A5DD00EBF6A7 /* Project object */;
			proxyType = 1;
			remoteGlobalIDString = 9F4596782784A5DD00EBF6A7;
			remoteInfo = VT6002CEM_217110981_LiuPoHim_Assignment2;
		};
		9F45969D2784A5DF00EBF6A7 /* PBXContainerItemProxy */ = {
			isa = PBXContainerItemProxy;
			containerPortal = 9F4596712784A5DD00EBF6A7 /* Project object */;
			proxyType = 1;
			remoteGlobalIDString = 9F4596782784A5DD00EBF6A7;
			remoteInfo = VT6002CEM_217110981_LiuPoHim_Assignment2;
		};
/* End PBXContainerItemProxy section */

/* Begin PBXFileReference section */
		5597174062F743BBA2051D10 /* Pods-VT6002CEM_217110981_LiuPoHim_Assignment2-VT6002CEM_217110981_LiuPoHim_Assignment2UITests.debug.xcconfig */ = {isa = PBXFileReference; includeInIndex = 1; lastKnownFileType = text.xcconfig; name = "Pods-VT6002CEM_217110981_LiuPoHim_Assignment2-VT6002CEM_217110981_LiuPoHim_Assignment2UITests.debug.xcconfig"; path = "Target Support Files/Pods-VT6002CEM_217110981_LiuPoHim_Assignment2-VT6002CEM_217110981_LiuPoHim_Assignment2UITests/Pods-VT6002CEM_217110981_LiuPoHim_Assignment2-VT6002CEM_217110981_LiuPoHim_Assignment2UITests.debug.xcconfig"; sourceTree = "<group>"; };
		55F9055DE9C3E9EF6007D0DE /* Pods_VT6002CEM_217110981_LiuPoHim_Assignment2_VT6002CEM_217110981_LiuPoHim_Assignment2UITests.framework */ = {isa = PBXFileReference; explicitFileType = wrapper.framework; includeInIndex = 0; path = Pods_VT6002CEM_217110981_LiuPoHim_Assignment2_VT6002CEM_217110981_LiuPoHim_Assignment2UITests.framework; sourceTree = BUILT_PRODUCTS_DIR; };
		647C77A7281FC4F9FAF1AD93 /* Pods-VT6002CEM_217110981_LiuPoHim_Assignment2Tests.release.xcconfig */ = {isa = PBXFileReference; includeInIndex = 1; lastKnownFileType = text.xcconfig; name = "Pods-VT6002CEM_217110981_LiuPoHim_Assignment2Tests.release.xcconfig"; path = "Target Support Files/Pods-VT6002CEM_217110981_LiuPoHim_Assignment2Tests/Pods-VT6002CEM_217110981_LiuPoHim_Assignment2Tests.release.xcconfig"; sourceTree = "<group>"; };
		8C27FC5917B08F16597259B8 /* Pods_VT6002CEM_217110981_LiuPoHim_Assignment2Tests.framework */ = {isa = PBXFileReference; explicitFileType = wrapper.framework; includeInIndex = 0; path = Pods_VT6002CEM_217110981_LiuPoHim_Assignment2Tests.framework; sourceTree = BUILT_PRODUCTS_DIR; };
		9D0365FAD08E565EDDE49CA2 /* Pods-VT6002CEM_217110981_LiuPoHim_Assignment2.release.xcconfig */ = {isa = PBXFileReference; includeInIndex = 1; lastKnownFileType = text.xcconfig; name = "Pods-VT6002CEM_217110981_LiuPoHim_Assignment2.release.xcconfig"; path = "Target Support Files/Pods-VT6002CEM_217110981_LiuPoHim_Assignment2/Pods-VT6002CEM_217110981_LiuPoHim_Assignment2.release.xcconfig"; sourceTree = "<group>"; };
		9F100BBA278CA9BE00A27875 /* ActivitiesViewController.swift */ = {isa = PBXFileReference; lastKnownFileType = sourcecode.swift; path = ActivitiesViewController.swift; sourceTree = "<group>"; };
		9F3EB6DB278AE73900CA4DBC /* dataStructure.swift */ = {isa = PBXFileReference; lastKnownFileType = sourcecode.swift; path = dataStructure.swift; sourceTree = "<group>"; };
		9F3EB6DE278B257800CA4DBC /* DetailViewController.swift */ = {isa = PBXFileReference; lastKnownFileType = sourcecode.swift; path = DetailViewController.swift; sourceTree = "<group>"; };
		9F4596792784A5DD00EBF6A7 /* VT6002CEM_217110981_LiuPoHim_Assignment2.app */ = {isa = PBXFileReference; explicitFileType = wrapper.application; includeInIndex = 0; path = VT6002CEM_217110981_LiuPoHim_Assignment2.app; sourceTree = BUILT_PRODUCTS_DIR; };
		9F45967C2784A5DD00EBF6A7 /* AppDelegate.swift */ = {isa = PBXFileReference; lastKnownFileType = sourcecode.swift; path = AppDelegate.swift; sourceTree = "<group>"; };
		9F45967E2784A5DD00EBF6A7 /* SceneDelegate.swift */ = {isa = PBXFileReference; lastKnownFileType = sourcecode.swift; path = SceneDelegate.swift; sourceTree = "<group>"; };
		9F4596802784A5DD00EBF6A7 /* ViewController.swift */ = {isa = PBXFileReference; lastKnownFileType = sourcecode.swift; path = ViewController.swift; sourceTree = "<group>"; };
		9F4596862784A5DD00EBF6A7 /* VT6002CEM_217110981_LiuPoHim_Assignment2.xcdatamodel */ = {isa = PBXFileReference; lastKnownFileType = wrapper.xcdatamodel; path = VT6002CEM_217110981_LiuPoHim_Assignment2.xcdatamodel; sourceTree = "<group>"; };
		9F4596882784A5DF00EBF6A7 /* Assets.xcassets */ = {isa = PBXFileReference; lastKnownFileType = folder.assetcatalog; path = Assets.xcassets; sourceTree = "<group>"; };
		9F45968B2784A5DF00EBF6A7 /* Base */ = {isa = PBXFileReference; lastKnownFileType = file.storyboard; name = Base; path = Base.lproj/LaunchScreen.storyboard; sourceTree = "<group>"; };
		9F45968D2784A5DF00EBF6A7 /* Info.plist */ = {isa = PBXFileReference; lastKnownFileType = text.plist.xml; path = Info.plist; sourceTree = "<group>"; };
		9F4596922784A5DF00EBF6A7 /* VT6002CEM_217110981_LiuPoHim_Assignment2Tests.xctest */ = {isa = PBXFileReference; explicitFileType = wrapper.cfbundle; includeInIndex = 0; path = VT6002CEM_217110981_LiuPoHim_Assignment2Tests.xctest; sourceTree = BUILT_PRODUCTS_DIR; };
		9F4596962784A5DF00EBF6A7 /* VT6002CEM_217110981_LiuPoHim_Assignment2Tests.swift */ = {isa = PBXFileReference; lastKnownFileType = sourcecode.swift; path = VT6002CEM_217110981_LiuPoHim_Assignment2Tests.swift; sourceTree = "<group>"; };
		9F45969C2784A5DF00EBF6A7 /* VT6002CEM_217110981_LiuPoHim_Assignment2UITests.xctest */ = {isa = PBXFileReference; explicitFileType = wrapper.cfbundle; includeInIndex = 0; path = VT6002CEM_217110981_LiuPoHim_Assignment2UITests.xctest; sourceTree = BUILT_PRODUCTS_DIR; };
		9F4596A02784A5DF00EBF6A7 /* VT6002CEM_217110981_LiuPoHim_Assignment2UITests.swift */ = {isa = PBXFileReference; lastKnownFileType = sourcecode.swift; path = VT6002CEM_217110981_LiuPoHim_Assignment2UITests.swift; sourceTree = "<group>"; };
		9F4596A22784A5DF00EBF6A7 /* VT6002CEM_217110981_LiuPoHim_Assignment2UITestsLaunchTests.swift */ = {isa = PBXFileReference; lastKnownFileType = sourcecode.swift; path = VT6002CEM_217110981_LiuPoHim_Assignment2UITestsLaunchTests.swift; sourceTree = "<group>"; };
		9F4596AF2784A7B300EBF6A7 /* HomePageViewController.swift */ = {isa = PBXFileReference; fileEncoding = 4; lastKnownFileType = sourcecode.swift; path = HomePageViewController.swift; sourceTree = "<group>"; };
		9F4596B12784A81400EBF6A7 /* SignUpViewController.swift */ = {isa = PBXFileReference; fileEncoding = 4; lastKnownFileType = sourcecode.swift; path = SignUpViewController.swift; sourceTree = "<group>"; };
		9F4596B22784A81400EBF6A7 /* LocationViewController.swift */ = {isa = PBXFileReference; fileEncoding = 4; lastKnownFileType = sourcecode.swift; path = LocationViewController.swift; sourceTree = "<group>"; };
		9F4596B32784A81500EBF6A7 /* Utilities.swift */ = {isa = PBXFileReference; fileEncoding = 4; lastKnownFileType = sourcecode.swift; path = Utilities.swift; sourceTree = "<group>"; };
		9F4596B42784A81600EBF6A7 /* LoginViewController.swift */ = {isa = PBXFileReference; fileEncoding = 4; lastKnownFileType = sourcecode.swift; path = LoginViewController.swift; sourceTree = "<group>"; };
		9F4596B92784A83A00EBF6A7 /* Main.storyboard */ = {isa = PBXFileReference; fileEncoding = 4; lastKnownFileType = file.storyboard; path = Main.storyboard; sourceTree = "<group>"; };
		9F4596BB2784A92B00EBF6A7 /* GoogleService-Info.plist */ = {isa = PBXFileReference; fileEncoding = 4; lastKnownFileType = text.plist.xml; path = "GoogleService-Info.plist"; sourceTree = "<group>"; };
		9F6500772789DFA300A3F598 /* TraditionalCraftsmanshipViewController.swift */ = {isa = PBXFileReference; lastKnownFileType = sourcecode.swift; path = TraditionalCraftsmanshipViewController.swift; sourceTree = "<group>"; };
		9F6500792789EC8C00A3F598 /* CustomCell.swift */ = {isa = PBXFileReference; lastKnownFileType = sourcecode.swift; path = CustomCell.swift; sourceTree = "<group>"; };
		9F9941F42787143000852DC8 /* ChangePasswordViewController.swift */ = {isa = PBXFileReference; lastKnownFileType = sourcecode.swift; path = ChangePasswordViewController.swift; sourceTree = "<group>"; };
		9FABEA612785DC3100EFA84C /* TabBarController.swift */ = {isa = PBXFileReference; lastKnownFileType = sourcecode.swift; path = TabBarController.swift; sourceTree = "<group>"; };
		9FABEA632785F5C800EFA84C /* UserViewController.swift */ = {isa = PBXFileReference; lastKnownFileType = sourcecode.swift; path = UserViewController.swift; sourceTree = "<group>"; };
		9FAFF689278D75F7005E40D6 /* ActivitiesDetailViewController.swift */ = {isa = PBXFileReference; lastKnownFileType = sourcecode.swift; path = ActivitiesDetailViewController.swift; sourceTree = "<group>"; };
		9FAFF68B278DC208005E40D6 /* FavoritesViewController.swift */ = {isa = PBXFileReference; lastKnownFileType = sourcecode.swift; path = FavoritesViewController.swift; sourceTree = "<group>"; };
		AEDC81AC727D3A1D9A36A646 /* Pods-VT6002CEM_217110981_LiuPoHim_Assignment2Tests.debug.xcconfig */ = {isa = PBXFileReference; includeInIndex = 1; lastKnownFileType = text.xcconfig; name = "Pods-VT6002CEM_217110981_LiuPoHim_Assignment2Tests.debug.xcconfig"; path = "Target Support Files/Pods-VT6002CEM_217110981_LiuPoHim_Assignment2Tests/Pods-VT6002CEM_217110981_LiuPoHim_Assignment2Tests.debug.xcconfig"; sourceTree = "<group>"; };
		CC8FE7714EA4EEB277FF185B /* Pods_VT6002CEM_217110981_LiuPoHim_Assignment2.framework */ = {isa = PBXFileReference; explicitFileType = wrapper.framework; includeInIndex = 0; path = Pods_VT6002CEM_217110981_LiuPoHim_Assignment2.framework; sourceTree = BUILT_PRODUCTS_DIR; };
		E492C62654DD582F8BD65640 /* Pods-VT6002CEM_217110981_LiuPoHim_Assignment2-VT6002CEM_217110981_LiuPoHim_Assignment2UITests.release.xcconfig */ = {isa = PBXFileReference; includeInIndex = 1; lastKnownFileType = text.xcconfig; name = "Pods-VT6002CEM_217110981_LiuPoHim_Assignment2-VT6002CEM_217110981_LiuPoHim_Assignment2UITests.release.xcconfig"; path = "Target Support Files/Pods-VT6002CEM_217110981_LiuPoHim_Assignment2-VT6002CEM_217110981_LiuPoHim_Assignment2UITests/Pods-VT6002CEM_217110981_LiuPoHim_Assignment2-VT6002CEM_217110981_LiuPoHim_Assignment2UITests.release.xcconfig"; sourceTree = "<group>"; };
		E536156E6717C02065235C5A /* Pods-VT6002CEM_217110981_LiuPoHim_Assignment2.debug.xcconfig */ = {isa = PBXFileReference; includeInIndex = 1; lastKnownFileType = text.xcconfig; name = "Pods-VT6002CEM_217110981_LiuPoHim_Assignment2.debug.xcconfig"; path = "Target Support Files/Pods-VT6002CEM_217110981_LiuPoHim_Assignment2/Pods-VT6002CEM_217110981_LiuPoHim_Assignment2.debug.xcconfig"; sourceTree = "<group>"; };
/* End PBXFileReference section */

/* Begin PBXFrameworksBuildPhase section */
		9F4596762784A5DD00EBF6A7 /* Frameworks */ = {
			isa = PBXFrameworksBuildPhase;
			buildActionMask = 2147483647;
			files = (
				B8DFE5C820C9D43118D3BC03 /* Pods_VT6002CEM_217110981_LiuPoHim_Assignment2.framework in Frameworks */,
			);
			runOnlyForDeploymentPostprocessing = 0;
		};
		9F45968F2784A5DF00EBF6A7 /* Frameworks */ = {
			isa = PBXFrameworksBuildPhase;
			buildActionMask = 2147483647;
			files = (
				FB76154CEA0DA831A2AB0C34 /* Pods_VT6002CEM_217110981_LiuPoHim_Assignment2Tests.framework in Frameworks */,
			);
			runOnlyForDeploymentPostprocessing = 0;
		};
		9F4596992784A5DF00EBF6A7 /* Frameworks */ = {
			isa = PBXFrameworksBuildPhase;
			buildActionMask = 2147483647;
			files = (
				DFE22735984D71CA1B9D2352 /* Pods_VT6002CEM_217110981_LiuPoHim_Assignment2_VT6002CEM_217110981_LiuPoHim_Assignment2UITests.framework in Frameworks */,
			);
			runOnlyForDeploymentPostprocessing = 0;
		};
/* End PBXFrameworksBuildPhase section */

/* Begin PBXGroup section */
		690DD08938B606B456A363DA /* Pods */ = {
			isa = PBXGroup;
			children = (
				E536156E6717C02065235C5A /* Pods-VT6002CEM_217110981_LiuPoHim_Assignment2.debug.xcconfig */,
				9D0365FAD08E565EDDE49CA2 /* Pods-VT6002CEM_217110981_LiuPoHim_Assignment2.release.xcconfig */,
				5597174062F743BBA2051D10 /* Pods-VT6002CEM_217110981_LiuPoHim_Assignment2-VT6002CEM_217110981_LiuPoHim_Assignment2UITests.debug.xcconfig */,
				E492C62654DD582F8BD65640 /* Pods-VT6002CEM_217110981_LiuPoHim_Assignment2-VT6002CEM_217110981_LiuPoHim_Assignment2UITests.release.xcconfig */,
				AEDC81AC727D3A1D9A36A646 /* Pods-VT6002CEM_217110981_LiuPoHim_Assignment2Tests.debug.xcconfig */,
				647C77A7281FC4F9FAF1AD93 /* Pods-VT6002CEM_217110981_LiuPoHim_Assignment2Tests.release.xcconfig */,
			);
			path = Pods;
			sourceTree = "<group>";
		};
		9F3EB6DD278AE77C00CA4DBC /* Controller */ = {
			isa = PBXGroup;
			children = (
				9F4596B22784A81400EBF6A7 /* LocationViewController.swift */,
				9F4596B42784A81600EBF6A7 /* LoginViewController.swift */,
				9F4596B12784A81400EBF6A7 /* SignUpViewController.swift */,
				9F4596AF2784A7B300EBF6A7 /* HomePageViewController.swift */,
				9FABEA612785DC3100EFA84C /* TabBarController.swift */,
				9FABEA632785F5C800EFA84C /* UserViewController.swift */,
				9F9941F42787143000852DC8 /* ChangePasswordViewController.swift */,
				9F6500772789DFA300A3F598 /* TraditionalCraftsmanshipViewController.swift */,
				9F3EB6DE278B257800CA4DBC /* DetailViewController.swift */,
				9F100BBA278CA9BE00A27875 /* ActivitiesViewController.swift */,
				9FAFF689278D75F7005E40D6 /* ActivitiesDetailViewController.swift */,
				9FAFF68B278DC208005E40D6 /* FavoritesViewController.swift */,
			);
			path = Controller;
			sourceTree = "<group>";
		};
		9F4596702784A5DD00EBF6A7 = {
			isa = PBXGroup;
			children = (
				9F45967B2784A5DD00EBF6A7 /* VT6002CEM_217110981_LiuPoHim_Assignment2 */,
				9F4596952784A5DF00EBF6A7 /* VT6002CEM_217110981_LiuPoHim_Assignment2Tests */,
				9F45969F2784A5DF00EBF6A7 /* VT6002CEM_217110981_LiuPoHim_Assignment2UITests */,
				9F45967A2784A5DD00EBF6A7 /* Products */,
				690DD08938B606B456A363DA /* Pods */,
				C80F96E3DCFBF2A416E5034E /* Frameworks */,
			);
			sourceTree = "<group>";
		};
		9F45967A2784A5DD00EBF6A7 /* Products */ = {
			isa = PBXGroup;
			children = (
				9F4596792784A5DD00EBF6A7 /* VT6002CEM_217110981_LiuPoHim_Assignment2.app */,
				9F4596922784A5DF00EBF6A7 /* VT6002CEM_217110981_LiuPoHim_Assignment2Tests.xctest */,
				9F45969C2784A5DF00EBF6A7 /* VT6002CEM_217110981_LiuPoHim_Assignment2UITests.xctest */,
			);
			name = Products;
			sourceTree = "<group>";
		};
		9F45967B2784A5DD00EBF6A7 /* VT6002CEM_217110981_LiuPoHim_Assignment2 */ = {
			isa = PBXGroup;
			children = (
				9F3EB6DD278AE77C00CA4DBC /* Controller */,
				9F4596BB2784A92B00EBF6A7 /* GoogleService-Info.plist */,
				9F4596B32784A81500EBF6A7 /* Utilities.swift */,
				9F45967C2784A5DD00EBF6A7 /* AppDelegate.swift */,
				9F45967E2784A5DD00EBF6A7 /* SceneDelegate.swift */,
				9F4596802784A5DD00EBF6A7 /* ViewController.swift */,
				9F4596B92784A83A00EBF6A7 /* Main.storyboard */,
				9F4596882784A5DF00EBF6A7 /* Assets.xcassets */,
				9F45968A2784A5DF00EBF6A7 /* LaunchScreen.storyboard */,
				9F45968D2784A5DF00EBF6A7 /* Info.plist */,
				9F4596852784A5DD00EBF6A7 /* VT6002CEM_217110981_LiuPoHim_Assignment2.xcdatamodeld */,
				9F6500792789EC8C00A3F598 /* CustomCell.swift */,
				9F3EB6DB278AE73900CA4DBC /* dataStructure.swift */,
			);
			path = VT6002CEM_217110981_LiuPoHim_Assignment2;
			sourceTree = "<group>";
		};
		9F4596952784A5DF00EBF6A7 /* VT6002CEM_217110981_LiuPoHim_Assignment2Tests */ = {
			isa = PBXGroup;
			children = (
				9F4596962784A5DF00EBF6A7 /* VT6002CEM_217110981_LiuPoHim_Assignment2Tests.swift */,
			);
			path = VT6002CEM_217110981_LiuPoHim_Assignment2Tests;
			sourceTree = "<group>";
		};
		9F45969F2784A5DF00EBF6A7 /* VT6002CEM_217110981_LiuPoHim_Assignment2UITests */ = {
			isa = PBXGroup;
			children = (
				9F4596A02784A5DF00EBF6A7 /* VT6002CEM_217110981_LiuPoHim_Assignment2UITests.swift */,
				9F4596A22784A5DF00EBF6A7 /* VT6002CEM_217110981_LiuPoHim_Assignment2UITestsLaunchTests.swift */,
			);
			path = VT6002CEM_217110981_LiuPoHim_Assignment2UITests;
			sourceTree = "<group>";
		};
		C80F96E3DCFBF2A416E5034E /* Frameworks */ = {
			isa = PBXGroup;
			children = (
				CC8FE7714EA4EEB277FF185B /* Pods_VT6002CEM_217110981_LiuPoHim_Assignment2.framework */,
				55F9055DE9C3E9EF6007D0DE /* Pods_VT6002CEM_217110981_LiuPoHim_Assignment2_VT6002CEM_217110981_LiuPoHim_Assignment2UITests.framework */,
				8C27FC5917B08F16597259B8 /* Pods_VT6002CEM_217110981_LiuPoHim_Assignment2Tests.framework */,
			);
			name = Frameworks;
			sourceTree = "<group>";
		};
/* End PBXGroup section */

/* Begin PBXNativeTarget section */
		9F4596782784A5DD00EBF6A7 /* VT6002CEM_217110981_LiuPoHim_Assignment2 */ = {
			isa = PBXNativeTarget;
			buildConfigurationList = 9F4596A62784A5DF00EBF6A7 /* Build configuration list for PBXNativeTarget "VT6002CEM_217110981_LiuPoHim_Assignment2" */;
			buildPhases = (
				49A07E84754718F71B243FD2 /* [CP] Check Pods Manifest.lock */,
				9F4596752784A5DD00EBF6A7 /* Sources */,
				9F4596762784A5DD00EBF6A7 /* Frameworks */,
				9F4596772784A5DD00EBF6A7 /* Resources */,
				AAE81D812F88A475989853A4 /* [CP] Embed Pods Frameworks */,
			);
			buildRules = (
			);
			dependencies = (
			);
			name = VT6002CEM_217110981_LiuPoHim_Assignment2;
			productName = VT6002CEM_217110981_LiuPoHim_Assignment2;
			productReference = 9F4596792784A5DD00EBF6A7 /* VT6002CEM_217110981_LiuPoHim_Assignment2.app */;
			productType = "com.apple.product-type.application";
		};
		9F4596912784A5DF00EBF6A7 /* VT6002CEM_217110981_LiuPoHim_Assignment2Tests */ = {
			isa = PBXNativeTarget;
			buildConfigurationList = 9F4596A92784A5DF00EBF6A7 /* Build configuration list for PBXNativeTarget "VT6002CEM_217110981_LiuPoHim_Assignment2Tests" */;
			buildPhases = (
				E34C5D34643DA3933A18B324 /* [CP] Check Pods Manifest.lock */,
				9F45968E2784A5DF00EBF6A7 /* Sources */,
				9F45968F2784A5DF00EBF6A7 /* Frameworks */,
				9F4596902784A5DF00EBF6A7 /* Resources */,
			);
			buildRules = (
			);
			dependencies = (
				9F4596942784A5DF00EBF6A7 /* PBXTargetDependency */,
			);
			name = VT6002CEM_217110981_LiuPoHim_Assignment2Tests;
			productName = VT6002CEM_217110981_LiuPoHim_Assignment2Tests;
			productReference = 9F4596922784A5DF00EBF6A7 /* VT6002CEM_217110981_LiuPoHim_Assignment2Tests.xctest */;
			productType = "com.apple.product-type.bundle.unit-test";
		};
		9F45969B2784A5DF00EBF6A7 /* VT6002CEM_217110981_LiuPoHim_Assignment2UITests */ = {
			isa = PBXNativeTarget;
			buildConfigurationList = 9F4596AC2784A5DF00EBF6A7 /* Build configuration list for PBXNativeTarget "VT6002CEM_217110981_LiuPoHim_Assignment2UITests" */;
			buildPhases = (
				8CA7043BAC8D65F0D2AA8675 /* [CP] Check Pods Manifest.lock */,
				9F4596982784A5DF00EBF6A7 /* Sources */,
				9F4596992784A5DF00EBF6A7 /* Frameworks */,
				9F45969A2784A5DF00EBF6A7 /* Resources */,
				43326DF637605B9C0575C549 /* [CP] Embed Pods Frameworks */,
			);
			buildRules = (
			);
			dependencies = (
				9F45969E2784A5DF00EBF6A7 /* PBXTargetDependency */,
			);
			name = VT6002CEM_217110981_LiuPoHim_Assignment2UITests;
			productName = VT6002CEM_217110981_LiuPoHim_Assignment2UITests;
			productReference = 9F45969C2784A5DF00EBF6A7 /* VT6002CEM_217110981_LiuPoHim_Assignment2UITests.xctest */;
			productType = "com.apple.product-type.bundle.ui-testing";
		};
/* End PBXNativeTarget section */

/* Begin PBXProject section */
		9F4596712784A5DD00EBF6A7 /* Project object */ = {
			isa = PBXProject;
			attributes = {
				BuildIndependentTargetsInParallel = 1;
				LastSwiftUpdateCheck = 1320;
				LastUpgradeCheck = 1320;
				TargetAttributes = {
					9F4596782784A5DD00EBF6A7 = {
						CreatedOnToolsVersion = 13.2;
					};
					9F4596912784A5DF00EBF6A7 = {
						CreatedOnToolsVersion = 13.2;
						TestTargetID = 9F4596782784A5DD00EBF6A7;
					};
					9F45969B2784A5DF00EBF6A7 = {
						CreatedOnToolsVersion = 13.2;
						TestTargetID = 9F4596782784A5DD00EBF6A7;
					};
				};
			};
			buildConfigurationList = 9F4596742784A5DD00EBF6A7 /* Build configuration list for PBXProject "VT6002CEM_217110981_LiuPoHim_Assignment2" */;
			compatibilityVersion = "Xcode 13.0";
			developmentRegion = en;
			hasScannedForEncodings = 0;
			knownRegions = (
				en,
				Base,
			);
			mainGroup = 9F4596702784A5DD00EBF6A7;
			productRefGroup = 9F45967A2784A5DD00EBF6A7 /* Products */;
			projectDirPath = "";
			projectRoot = "";
			targets = (
				9F4596782784A5DD00EBF6A7 /* VT6002CEM_217110981_LiuPoHim_Assignment2 */,
				9F4596912784A5DF00EBF6A7 /* VT6002CEM_217110981_LiuPoHim_Assignment2Tests */,
				9F45969B2784A5DF00EBF6A7 /* VT6002CEM_217110981_LiuPoHim_Assignment2UITests */,
			);
		};
/* End PBXProject section */

/* Begin PBXResourcesBuildPhase section */
		9F4596772784A5DD00EBF6A7 /* Resources */ = {
			isa = PBXResourcesBuildPhase;
			buildActionMask = 2147483647;
			files = (
				9F45968C2784A5DF00EBF6A7 /* LaunchScreen.storyboard in Resources */,
				9F4596BC2784A92C00EBF6A7 /* GoogleService-Info.plist in Resources */,
				9F4596892784A5DF00EBF6A7 /* Assets.xcassets in Resources */,
				9F4596BA2784A83A00EBF6A7 /* Main.storyboard in Resources */,
			);
			runOnlyForDeploymentPostprocessing = 0;
		};
		9F4596902784A5DF00EBF6A7 /* Resources */ = {
			isa = PBXResourcesBuildPhase;
			buildActionMask = 2147483647;
			files = (
			);
			runOnlyForDeploymentPostprocessing = 0;
		};
		9F45969A2784A5DF00EBF6A7 /* Resources */ = {
			isa = PBXResourcesBuildPhase;
			buildActionMask = 2147483647;
			files = (
			);
			runOnlyForDeploymentPostprocessing = 0;
		};
/* End PBXResourcesBuildPhase section */

/* Begin PBXShellScriptBuildPhase section */
		43326DF637605B9C0575C549 /* [CP] Embed Pods Frameworks */ = {
			isa = PBXShellScriptBuildPhase;
			buildActionMask = 2147483647;
			files = (
			);
			inputFileListPaths = (
				"${PODS_ROOT}/Target Support Files/Pods-VT6002CEM_217110981_LiuPoHim_Assignment2-VT6002CEM_217110981_LiuPoHim_Assignment2UITests/Pods-VT6002CEM_217110981_LiuPoHim_Assignment2-VT6002CEM_217110981_LiuPoHim_Assignment2UITests-frameworks-${CONFIGURATION}-input-files.xcfilelist",
			);
			name = "[CP] Embed Pods Frameworks";
			outputFileListPaths = (
				"${PODS_ROOT}/Target Support Files/Pods-VT6002CEM_217110981_LiuPoHim_Assignment2-VT6002CEM_217110981_LiuPoHim_Assignment2UITests/Pods-VT6002CEM_217110981_LiuPoHim_Assignment2-VT6002CEM_217110981_LiuPoHim_Assignment2UITests-frameworks-${CONFIGURATION}-output-files.xcfilelist",
			);
			runOnlyForDeploymentPostprocessing = 0;
			shellPath = /bin/sh;
			shellScript = "\"${PODS_ROOT}/Target Support Files/Pods-VT6002CEM_217110981_LiuPoHim_Assignment2-VT6002CEM_217110981_LiuPoHim_Assignment2UITests/Pods-VT6002CEM_217110981_LiuPoHim_Assignment2-VT6002CEM_217110981_LiuPoHim_Assignment2UITests-frameworks.sh\"\n";
			showEnvVarsInLog = 0;
		};
		49A07E84754718F71B243FD2 /* [CP] Check Pods Manifest.lock */ = {
			isa = PBXShellScriptBuildPhase;
			buildActionMask = 2147483647;
			files = (
			);
			inputFileListPaths = (
			);
			inputPaths = (
				"${PODS_PODFILE_DIR_PATH}/Podfile.lock",
				"${PODS_ROOT}/Manifest.lock",
			);
			name = "[CP] Check Pods Manifest.lock";
			outputFileListPaths = (
			);
			outputPaths = (
				"$(DERIVED_FILE_DIR)/Pods-VT6002CEM_217110981_LiuPoHim_Assignment2-checkManifestLockResult.txt",
			);
			runOnlyForDeploymentPostprocessing = 0;
			shellPath = /bin/sh;
			shellScript = "diff \"${PODS_PODFILE_DIR_PATH}/Podfile.lock\" \"${PODS_ROOT}/Manifest.lock\" > /dev/null\nif [ $? != 0 ] ; then\n    # print error to STDERR\n    echo \"error: The sandbox is not in sync with the Podfile.lock. Run 'pod install' or update your CocoaPods installation.\" >&2\n    exit 1\nfi\n# This output is used by Xcode 'outputs' to avoid re-running this script phase.\necho \"SUCCESS\" > \"${SCRIPT_OUTPUT_FILE_0}\"\n";
			showEnvVarsInLog = 0;
		};
		8CA7043BAC8D65F0D2AA8675 /* [CP] Check Pods Manifest.lock */ = {
			isa = PBXShellScriptBuildPhase;
			buildActionMask = 2147483647;
			files = (
			);
			inputFileListPaths = (
			);
			inputPaths = (
				"${PODS_PODFILE_DIR_PATH}/Podfile.lock",
				"${PODS_ROOT}/Manifest.lock",
			);
			name = "[CP] Check Pods Manifest.lock";
			outputFileListPaths = (
			);
			outputPaths = (
				"$(DERIVED_FILE_DIR)/Pods-VT6002CEM_217110981_LiuPoHim_Assignment2-VT6002CEM_217110981_LiuPoHim_Assignment2UITests-checkManifestLockResult.txt",
			);
			runOnlyForDeploymentPostprocessing = 0;
			shellPath = /bin/sh;
			shellScript = "diff \"${PODS_PODFILE_DIR_PATH}/Podfile.lock\" \"${PODS_ROOT}/Manifest.lock\" > /dev/null\nif [ $? != 0 ] ; then\n    # print error to STDERR\n    echo \"error: The sandbox is not in sync with the Podfile.lock. Run 'pod install' or update your CocoaPods installation.\" >&2\n    exit 1\nfi\n# This output is used by Xcode 'outputs' to avoid re-running this script phase.\necho \"SUCCESS\" > \"${SCRIPT_OUTPUT_FILE_0}\"\n";
			showEnvVarsInLog = 0;
		};
		AAE81D812F88A475989853A4 /* [CP] Embed Pods Frameworks */ = {
			isa = PBXShellScriptBuildPhase;
			buildActionMask = 2147483647;
			files = (
			);
			inputFileListPaths = (
				"${PODS_ROOT}/Target Support Files/Pods-VT6002CEM_217110981_LiuPoHim_Assignment2/Pods-VT6002CEM_217110981_LiuPoHim_Assignment2-frameworks-${CONFIGURATION}-input-files.xcfilelist",
			);
			name = "[CP] Embed Pods Frameworks";
			outputFileListPaths = (
				"${PODS_ROOT}/Target Support Files/Pods-VT6002CEM_217110981_LiuPoHim_Assignment2/Pods-VT6002CEM_217110981_LiuPoHim_Assignment2-frameworks-${CONFIGURATION}-output-files.xcfilelist",
			);
			runOnlyForDeploymentPostprocessing = 0;
			shellPath = /bin/sh;
			shellScript = "\"${PODS_ROOT}/Target Support Files/Pods-VT6002CEM_217110981_LiuPoHim_Assignment2/Pods-VT6002CEM_217110981_LiuPoHim_Assignment2-frameworks.sh\"\n";
			showEnvVarsInLog = 0;
		};
		E34C5D34643DA3933A18B324 /* [CP] Check Pods Manifest.lock */ = {
			isa = PBXShellScriptBuildPhase;
			buildActionMask = 2147483647;
			files = (
			);
			inputFileListPaths = (
			);
			inputPaths = (
				"${PODS_PODFILE_DIR_PATH}/Podfile.lock",
				"${PODS_ROOT}/Manifest.lock",
			);
			name = "[CP] Check Pods Manifest.lock";
			outputFileListPaths = (
			);
			outputPaths = (
				"$(DERIVED_FILE_DIR)/Pods-VT6002CEM_217110981_LiuPoHim_Assignment2Tests-checkManifestLockResult.txt",
			);
			runOnlyForDeploymentPostprocessing = 0;
			shellPath = /bin/sh;
			shellScript = "diff \"${PODS_PODFILE_DIR_PATH}/Podfile.lock\" \"${PODS_ROOT}/Manifest.lock\" > /dev/null\nif [ $? != 0 ] ; then\n    # print error to STDERR\n    echo \"error: The sandbox is not in sync with the Podfile.lock. Run 'pod install' or update your CocoaPods installation.\" >&2\n    exit 1\nfi\n# This output is used by Xcode 'outputs' to avoid re-running this script phase.\necho \"SUCCESS\" > \"${SCRIPT_OUTPUT_FILE_0}\"\n";
			showEnvVarsInLog = 0;
		};
/* End PBXShellScriptBuildPhase section */

/* Begin PBXSourcesBuildPhase section */
		9F4596752784A5DD00EBF6A7 /* Sources */ = {
			isa = PBXSourcesBuildPhase;
			buildActionMask = 2147483647;
			files = (
				9F4596B82784A81600EBF6A7 /* LoginViewController.swift in Sources */,
				9F4596B62784A81600EBF6A7 /* LocationViewController.swift in Sources */,
				9F4596B52784A81600EBF6A7 /* SignUpViewController.swift in Sources */,
				9FABEA642785F5C800EFA84C /* UserViewController.swift in Sources */,
				9FABEA622785DC3100EFA84C /* TabBarController.swift in Sources */,
				9F100BBB278CA9BE00A27875 /* ActivitiesViewController.swift in Sources */,
				9F4596812784A5DD00EBF6A7 /* ViewController.swift in Sources */,
				9F4596872784A5DD00EBF6A7 /* VT6002CEM_217110981_LiuPoHim_Assignment2.xcdatamodeld in Sources */,
				9FAFF68A278D75F7005E40D6 /* ActivitiesDetailViewController.swift in Sources */,
				9F3EB6DF278B257800CA4DBC /* DetailViewController.swift in Sources */,
				9FAFF68C278DC208005E40D6 /* FavoritesViewController.swift in Sources */,
				9F6500782789DFA300A3F598 /* TraditionalCraftsmanshipViewController.swift in Sources */,
				9F45967D2784A5DD00EBF6A7 /* AppDelegate.swift in Sources */,
				9F3EB6DC278AE73900CA4DBC /* dataStructure.swift in Sources */,
				9F4596B02784A7B300EBF6A7 /* HomePageViewController.swift in Sources */,
				9F9941F52787143000852DC8 /* ChangePasswordViewController.swift in Sources */,
				9F4596B72784A81600EBF6A7 /* Utilities.swift in Sources */,
				9F65007A2789EC8C00A3F598 /* CustomCell.swift in Sources */,
				9F45967F2784A5DD00EBF6A7 /* SceneDelegate.swift in Sources */,
			);
			runOnlyForDeploymentPostprocessing = 0;
		};
		9F45968E2784A5DF00EBF6A7 /* Sources */ = {
			isa = PBXSourcesBuildPhase;
			buildActionMask = 2147483647;
			files = (
				9F4596972784A5DF00EBF6A7 /* VT6002CEM_217110981_LiuPoHim_Assignment2Tests.swift in Sources */,
			);
			runOnlyForDeploymentPostprocessing = 0;
		};
		9F4596982784A5DF00EBF6A7 /* Sources */ = {
			isa = PBXSourcesBuildPhase;
			buildActionMask = 2147483647;
			files = (
				9F4596A32784A5DF00EBF6A7 /* VT6002CEM_217110981_LiuPoHim_Assignment2UITestsLaunchTests.swift in Sources */,
				9F4596A12784A5DF00EBF6A7 /* VT6002CEM_217110981_LiuPoHim_Assignment2UITests.swift in Sources */,
			);
			runOnlyForDeploymentPostprocessing = 0;
		};
/* End PBXSourcesBuildPhase section */

/* Begin PBXTargetDependency section */
		9F4596942784A5DF00EBF6A7 /* PBXTargetDependency */ = {
			isa = PBXTargetDependency;
			target = 9F4596782784A5DD00EBF6A7 /* VT6002CEM_217110981_LiuPoHim_Assignment2 */;
			targetProxy = 9F4596932784A5DF00EBF6A7 /* PBXContainerItemProxy */;
		};
		9F45969E2784A5DF00EBF6A7 /* PBXTargetDependency */ = {
			isa = PBXTargetDependency;
			target = 9F4596782784A5DD00EBF6A7 /* VT6002CEM_217110981_LiuPoHim_Assignment2 */;
			targetProxy = 9F45969D2784A5DF00EBF6A7 /* PBXContainerItemProxy */;
		};
/* End PBXTargetDependency section */

/* Begin PBXVariantGroup section */
		9F45968A2784A5DF00EBF6A7 /* LaunchScreen.storyboard */ = {
			isa = PBXVariantGroup;
			children = (
				9F45968B2784A5DF00EBF6A7 /* Base */,
			);
			name = LaunchScreen.storyboard;
			sourceTree = "<group>";
		};
/* End PBXVariantGroup section */

/* Begin XCBuildConfiguration section */
		9F4596A42784A5DF00EBF6A7 /* Debug */ = {
			isa = XCBuildConfiguration;
			buildSettings = {
				ALWAYS_SEARCH_USER_PATHS = NO;
				CLANG_ANALYZER_NONNULL = YES;
				CLANG_ANALYZER_NUMBER_OBJECT_CONVERSION = YES_AGGRESSIVE;
				CLANG_CXX_LANGUAGE_STANDARD = "gnu++17";
				CLANG_CXX_LIBRARY = "libc++";
				CLANG_ENABLE_MODULES = YES;
				CLANG_ENABLE_OBJC_ARC = YES;
				CLANG_ENABLE_OBJC_WEAK = YES;
				CLANG_WARN_BLOCK_CAPTURE_AUTORELEASING = YES;
				CLANG_WARN_BOOL_CONVERSION = YES;
				CLANG_WARN_COMMA = YES;
				CLANG_WARN_CONSTANT_CONVERSION = YES;
				CLANG_WARN_DEPRECATED_OBJC_IMPLEMENTATIONS = YES;
				CLANG_WARN_DIRECT_OBJC_ISA_USAGE = YES_ERROR;
				CLANG_WARN_DOCUMENTATION_COMMENTS = YES;
				CLANG_WARN_EMPTY_BODY = YES;
				CLANG_WARN_ENUM_CONVERSION = YES;
				CLANG_WARN_INFINITE_RECURSION = YES;
				CLANG_WARN_INT_CONVERSION = YES;
				CLANG_WARN_NON_LITERAL_NULL_CONVERSION = YES;
				CLANG_WARN_OBJC_IMPLICIT_RETAIN_SELF = YES;
				CLANG_WARN_OBJC_LITERAL_CONVERSION = YES;
				CLANG_WARN_OBJC_ROOT_CLASS = YES_ERROR;
				CLANG_WARN_QUOTED_INCLUDE_IN_FRAMEWORK_HEADER = YES;
				CLANG_WARN_RANGE_LOOP_ANALYSIS = YES;
				CLANG_WARN_STRICT_PROTOTYPES = YES;
				CLANG_WARN_SUSPICIOUS_MOVE = YES;
				CLANG_WARN_UNGUARDED_AVAILABILITY = YES_AGGRESSIVE;
				CLANG_WARN_UNREACHABLE_CODE = YES;
				CLANG_WARN__DUPLICATE_METHOD_MATCH = YES;
				COPY_PHASE_STRIP = NO;
				DEBUG_INFORMATION_FORMAT = dwarf;
				ENABLE_STRICT_OBJC_MSGSEND = YES;
				ENABLE_TESTABILITY = YES;
				GCC_C_LANGUAGE_STANDARD = gnu11;
				GCC_DYNAMIC_NO_PIC = NO;
				GCC_NO_COMMON_BLOCKS = YES;
				GCC_OPTIMIZATION_LEVEL = 0;
				GCC_PREPROCESSOR_DEFINITIONS = (
					"DEBUG=1",
					"$(inherited)",
				);
				GCC_WARN_64_TO_32_BIT_CONVERSION = YES;
				GCC_WARN_ABOUT_RETURN_TYPE = YES_ERROR;
				GCC_WARN_UNDECLARED_SELECTOR = YES;
				GCC_WARN_UNINITIALIZED_AUTOS = YES_AGGRESSIVE;
				GCC_WARN_UNUSED_FUNCTION = YES;
				GCC_WARN_UNUSED_VARIABLE = YES;
				IPHONEOS_DEPLOYMENT_TARGET = 15.2;
				MTL_ENABLE_DEBUG_INFO = INCLUDE_SOURCE;
				MTL_FAST_MATH = YES;
				ONLY_ACTIVE_ARCH = YES;
				SDKROOT = iphoneos;
				SWIFT_ACTIVE_COMPILATION_CONDITIONS = DEBUG;
				SWIFT_OPTIMIZATION_LEVEL = "-Onone";
			};
			name = Debug;
		};
		9F4596A52784A5DF00EBF6A7 /* Release */ = {
			isa = XCBuildConfiguration;
			buildSettings = {
				ALWAYS_SEARCH_USER_PATHS = NO;
				CLANG_ANALYZER_NONNULL = YES;
				CLANG_ANALYZER_NUMBER_OBJECT_CONVERSION = YES_AGGRESSIVE;
				CLANG_CXX_LANGUAGE_STANDARD = "gnu++17";
				CLANG_CXX_LIBRARY = "libc++";
				CLANG_ENABLE_MODULES = YES;
				CLANG_ENABLE_OBJC_ARC = YES;
				CLANG_ENABLE_OBJC_WEAK = YES;
				CLANG_WARN_BLOCK_CAPTURE_AUTORELEASING = YES;
				CLANG_WARN_BOOL_CONVERSION = YES;
				CLANG_WARN_COMMA = YES;
				CLANG_WARN_CONSTANT_CONVERSION = YES;
				CLANG_WARN_DEPRECATED_OBJC_IMPLEMENTATIONS = YES;
				CLANG_WARN_DIRECT_OBJC_ISA_USAGE = YES_ERROR;
				CLANG_WARN_DOCUMENTATION_COMMENTS = YES;
				CLANG_WARN_EMPTY_BODY = YES;
				CLANG_WARN_ENUM_CONVERSION = YES;
				CLANG_WARN_INFINITE_RECURSION = YES;
				CLANG_WARN_INT_CONVERSION = YES;
				CLANG_WARN_NON_LITERAL_NULL_CONVERSION = YES;
				CLANG_WARN_OBJC_IMPLICIT_RETAIN_SELF = YES;
				CLANG_WARN_OBJC_LITERAL_CONVERSION = YES;
				CLANG_WARN_OBJC_ROOT_CLASS = YES_ERROR;
				CLANG_WARN_QUOTED_INCLUDE_IN_FRAMEWORK_HEADER = YES;
				CLANG_WARN_RANGE_LOOP_ANALYSIS = YES;
				CLANG_WARN_STRICT_PROTOTYPES = YES;
				CLANG_WARN_SUSPICIOUS_MOVE = YES;
				CLANG_WARN_UNGUARDED_AVAILABILITY = YES_AGGRESSIVE;
				CLANG_WARN_UNREACHABLE_CODE = YES;
				CLANG_WARN__DUPLICATE_METHOD_MATCH = YES;
				COPY_PHASE_STRIP = NO;
				DEBUG_INFORMATION_FORMAT = "dwarf-with-dsym";
				ENABLE_NS_ASSERTIONS = NO;
				ENABLE_STRICT_OBJC_MSGSEND = YES;
				GCC_C_LANGUAGE_STANDARD = gnu11;
				GCC_NO_COMMON_BLOCKS = YES;
				GCC_WARN_64_TO_32_BIT_CONVERSION = YES;
				GCC_WARN_ABOUT_RETURN_TYPE = YES_ERROR;
				GCC_WARN_UNDECLARED_SELECTOR = YES;
				GCC_WARN_UNINITIALIZED_AUTOS = YES_AGGRESSIVE;
				GCC_WARN_UNUSED_FUNCTION = YES;
				GCC_WARN_UNUSED_VARIABLE = YES;
				IPHONEOS_DEPLOYMENT_TARGET = 15.2;
				MTL_ENABLE_DEBUG_INFO = NO;
				MTL_FAST_MATH = YES;
				SDKROOT = iphoneos;
				SWIFT_COMPILATION_MODE = wholemodule;
				SWIFT_OPTIMIZATION_LEVEL = "-O";
				VALIDATE_PRODUCT = YES;
			};
			name = Release;
		};
		9F4596A72784A5DF00EBF6A7 /* Debug */ = {
			isa = XCBuildConfiguration;
			baseConfigurationReference = E536156E6717C02065235C5A /* Pods-VT6002CEM_217110981_LiuPoHim_Assignment2.debug.xcconfig */;
			buildSettings = {
				ASSETCATALOG_COMPILER_APPICON_NAME = AppIcon;
				ASSETCATALOG_COMPILER_GLOBAL_ACCENT_COLOR_NAME = AccentColor;
				CODE_SIGN_STYLE = Automatic;
				CURRENT_PROJECT_VERSION = 1;
				GENERATE_INFOPLIST_FILE = YES;
				INFOPLIST_FILE = VT6002CEM_217110981_LiuPoHim_Assignment2/Info.plist;
				INFOPLIST_KEY_CFBundleDisplayName = "";
				INFOPLIST_KEY_NSFaceIDUsageDescription = "";
				INFOPLIST_KEY_NSLocationAlwaysAndWhenInUseUsageDescription = "";
				INFOPLIST_KEY_NSLocationAlwaysUsageDescription = "";
				INFOPLIST_KEY_NSLocationWhenInUseUsageDescription = "";
				INFOPLIST_KEY_UIApplicationSupportsIndirectInputEvents = YES;
				INFOPLIST_KEY_UILaunchStoryboardName = LaunchScreen;
				INFOPLIST_KEY_UIMainStoryboardFile = Main;
				INFOPLIST_KEY_UISupportedInterfaceOrientations_iPad = "UIInterfaceOrientationPortrait UIInterfaceOrientationPortraitUpsideDown UIInterfaceOrientationLandscapeLeft UIInterfaceOrientationLandscapeRight";
				INFOPLIST_KEY_UISupportedInterfaceOrientations_iPhone = "UIInterfaceOrientationPortrait UIInterfaceOrientationLandscapeLeft UIInterfaceOrientationLandscapeRight";
				LD_RUNPATH_SEARCH_PATHS = (
					"$(inherited)",
					"@executable_path/Frameworks",
				);
				MARKETING_VERSION = 1.0;
				PRODUCT_BUNDLE_IDENTIFIER = "edu.self.VT6002CEM-217110981-LiuPoHim-Assignment2";
				PRODUCT_NAME = "$(TARGET_NAME)";
				SWIFT_EMIT_LOC_STRINGS = YES;
				SWIFT_VERSION = 5.0;
				TARGETED_DEVICE_FAMILY = "1,2";
			};
			name = Debug;
		};
		9F4596A82784A5DF00EBF6A7 /* Release */ = {
			isa = XCBuildConfiguration;
			baseConfigurationReference = 9D0365FAD08E565EDDE49CA2 /* Pods-VT6002CEM_217110981_LiuPoHim_Assignment2.release.xcconfig */;
			buildSettings = {
				ASSETCATALOG_COMPILER_APPICON_NAME = AppIcon;
				ASSETCATALOG_COMPILER_GLOBAL_ACCENT_COLOR_NAME = AccentColor;
				CODE_SIGN_STYLE = Automatic;
				CURRENT_PROJECT_VERSION = 1;
				GENERATE_INFOPLIST_FILE = YES;
				INFOPLIST_FILE = VT6002CEM_217110981_LiuPoHim_Assignment2/Info.plist;
				INFOPLIST_KEY_CFBundleDisplayName = "";
				INFOPLIST_KEY_NSFaceIDUsageDescription = "";
				INFOPLIST_KEY_NSLocationAlwaysAndWhenInUseUsageDescription = "";
				INFOPLIST_KEY_NSLocationAlwaysUsageDescription = "";
				INFOPLIST_KEY_NSLocationWhenInUseUsageDescription = "";
				INFOPLIST_KEY_UIApplicationSupportsIndirectInputEvents = YES;
				INFOPLIST_KEY_UILaunchStoryboardName = LaunchScreen;
				INFOPLIST_KEY_UIMainStoryboardFile = Main;
				INFOPLIST_KEY_UISupportedInterfaceOrientations_iPad = "UIInterfaceOrientationPortrait UIInterfaceOrientationPortraitUpsideDown UIInterfaceOrientationLandscapeLeft UIInterfaceOrientationLandscapeRight";
				INFOPLIST_KEY_UISupportedInterfaceOrientations_iPhone = "UIInterfaceOrientationPortrait UIInterfaceOrientationLandscapeLeft UIInterfaceOrientationLandscapeRight";
				LD_RUNPATH_SEARCH_PATHS = (
					"$(inherited)",
					"@executable_path/Frameworks",
				);
				MARKETING_VERSION = 1.0;
				PRODUCT_BUNDLE_IDENTIFIER = "edu.self.VT6002CEM-217110981-LiuPoHim-Assignment2";
				PRODUCT_NAME = "$(TARGET_NAME)";
				SWIFT_EMIT_LOC_STRINGS = YES;
				SWIFT_VERSION = 5.0;
				TARGETED_DEVICE_FAMILY = "1,2";
			};
			name = Release;
		};
		9F4596AA2784A5DF00EBF6A7 /* Debug */ = {
			isa = XCBuildConfiguration;
			baseConfigurationReference = AEDC81AC727D3A1D9A36A646 /* Pods-VT6002CEM_217110981_LiuPoHim_Assignment2Tests.debug.xcconfig */;
			buildSettings = {
				ALWAYS_EMBED_SWIFT_STANDARD_LIBRARIES = YES;
				BUNDLE_LOADER = "$(TEST_HOST)";
				CODE_SIGN_STYLE = Automatic;
				CURRENT_PROJECT_VERSION = 1;
				GENERATE_INFOPLIST_FILE = YES;
				IPHONEOS_DEPLOYMENT_TARGET = 15.2;
				MARKETING_VERSION = 1.0;
				PRODUCT_BUNDLE_IDENTIFIER = "edu.self.VT6002CEM-217110981-LiuPoHim-Assignment2Tests";
				PRODUCT_NAME = "$(TARGET_NAME)";
				SWIFT_EMIT_LOC_STRINGS = NO;
				SWIFT_VERSION = 5.0;
				TARGETED_DEVICE_FAMILY = "1,2";
				TEST_HOST = "$(BUILT_PRODUCTS_DIR)/VT6002CEM_217110981_LiuPoHim_Assignment2.app/VT6002CEM_217110981_LiuPoHim_Assignment2";
			};
			name = Debug;
		};
		9F4596AB2784A5DF00EBF6A7 /* Release */ = {
			isa = XCBuildConfiguration;
			baseConfigurationReference = 647C77A7281FC4F9FAF1AD93 /* Pods-VT6002CEM_217110981_LiuPoHim_Assignment2Tests.release.xcconfig */;
			buildSettings = {
				ALWAYS_EMBED_SWIFT_STANDARD_LIBRARIES = YES;
				BUNDLE_LOADER = "$(TEST_HOST)";
				CODE_SIGN_STYLE = Automatic;
				CURRENT_PROJECT_VERSION = 1;
				GENERATE_INFOPLIST_FILE = YES;
				IPHONEOS_DEPLOYMENT_TARGET = 15.2;
				MARKETING_VERSION = 1.0;
				PRODUCT_BUNDLE_IDENTIFIER = "edu.self.VT6002CEM-217110981-LiuPoHim-Assignment2Tests";
				PRODUCT_NAME = "$(TARGET_NAME)";
				SWIFT_EMIT_LOC_STRINGS = NO;
				SWIFT_VERSION = 5.0;
				TARGETED_DEVICE_FAMILY = "1,2";
				TEST_HOST = "$(BUILT_PRODUCTS_DIR)/VT6002CEM_217110981_LiuPoHim_Assignment2.app/VT6002CEM_217110981_LiuPoHim_Assignment2";
			};
			name = Release;
		};
		9F4596AD2784A5DF00EBF6A7 /* Debug */ = {
			isa = XCBuildConfiguration;
			baseConfigurationReference = 5597174062F743BBA2051D10 /* Pods-VT6002CEM_217110981_LiuPoHim_Assignment2-VT6002CEM_217110981_LiuPoHim_Assignment2UITests.debug.xcconfig */;
			buildSettings = {
				ALWAYS_EMBED_SWIFT_STANDARD_LIBRARIES = YES;
				CODE_SIGN_STYLE = Automatic;
				CURRENT_PROJECT_VERSION = 1;
				GENERATE_INFOPLIST_FILE = YES;
				MARKETING_VERSION = 1.0;
				PRODUCT_BUNDLE_IDENTIFIER = "edu.self.VT6002CEM-217110981-LiuPoHim-Assignment2UITests";
				PRODUCT_NAME = "$(TARGET_NAME)";
				SWIFT_EMIT_LOC_STRINGS = NO;
				SWIFT_VERSION = 5.0;
				TARGETED_DEVICE_FAMILY = "1,2";
				TEST_TARGET_NAME = VT6002CEM_217110981_LiuPoHim_Assignment2;
			};
			name = Debug;
		};
		9F4596AE2784A5DF00EBF6A7 /* Release */ = {
			isa = XCBuildConfiguration;
			baseConfigurationReference = E492C62654DD582F8BD65640 /* Pods-VT6002CEM_217110981_LiuPoHim_Assignment2-VT6002CEM_217110981_LiuPoHim_Assignment2UITests.release.xcconfig */;
			buildSettings = {
				ALWAYS_EMBED_SWIFT_STANDARD_LIBRARIES = YES;
				CODE_SIGN_STYLE = Automatic;
				CURRENT_PROJECT_VERSION = 1;
				GENERATE_INFOPLIST_FILE = YES;
				MARKETING_VERSION = 1.0;
				PRODUCT_BUNDLE_IDENTIFIER = "edu.self.VT6002CEM-217110981-LiuPoHim-Assignment2UITests";
				PRODUCT_NAME = "$(TARGET_NAME)";
				SWIFT_EMIT_LOC_STRINGS = NO;
				SWIFT_VERSION = 5.0;
				TARGETED_DEVICE_FAMILY = "1,2";
				TEST_TARGET_NAME = VT6002CEM_217110981_LiuPoHim_Assignment2;
			};
			name = Release;
		};
/* End XCBuildConfiguration section */

/* Begin XCConfigurationList section */
		9F4596742784A5DD00EBF6A7 /* Build configuration list for PBXProject "VT6002CEM_217110981_LiuPoHim_Assignment2" */ = {
			isa = XCConfigurationList;
			buildConfigurations = (
				9F4596A42784A5DF00EBF6A7 /* Debug */,
				9F4596A52784A5DF00EBF6A7 /* Release */,
			);
			defaultConfigurationIsVisible = 0;
			defaultConfigurationName = Release;
		};
		9F4596A62784A5DF00EBF6A7 /* Build configuration list for PBXNativeTarget "VT6002CEM_217110981_LiuPoHim_Assignment2" */ = {
			isa = XCConfigurationList;
			buildConfigurations = (
				9F4596A72784A5DF00EBF6A7 /* Debug */,
				9F4596A82784A5DF00EBF6A7 /* Release */,
			);
			defaultConfigurationIsVisible = 0;
			defaultConfigurationName = Release;
		};
		9F4596A92784A5DF00EBF6A7 /* Build configuration list for PBXNativeTarget "VT6002CEM_217110981_LiuPoHim_Assignment2Tests" */ = {
			isa = XCConfigurationList;
			buildConfigurations = (
				9F4596AA2784A5DF00EBF6A7 /* Debug */,
				9F4596AB2784A5DF00EBF6A7 /* Release */,
			);
			defaultConfigurationIsVisible = 0;
			defaultConfigurationName = Release;
		};
		9F4596AC2784A5DF00EBF6A7 /* Build configuration list for PBXNativeTarget "VT6002CEM_217110981_LiuPoHim_Assignment2UITests" */ = {
			isa = XCConfigurationList;
			buildConfigurations = (
				9F4596AD2784A5DF00EBF6A7 /* Debug */,
				9F4596AE2784A5DF00EBF6A7 /* Release */,
			);
			defaultConfigurationIsVisible = 0;
			defaultConfigurationName = Release;
		};
/* End XCConfigurationList section */

/* Begin XCVersionGroup section */
		9F4596852784A5DD00EBF6A7 /* VT6002CEM_217110981_LiuPoHim_Assignment2.xcdatamodeld */ = {
			isa = XCVersionGroup;
			children = (
				9F4596862784A5DD00EBF6A7 /* VT6002CEM_217110981_LiuPoHim_Assignment2.xcdatamodel */,
			);
			currentVersion = 9F4596862784A5DD00EBF6A7 /* VT6002CEM_217110981_LiuPoHim_Assignment2.xcdatamodel */;
			path = VT6002CEM_217110981_LiuPoHim_Assignment2.xcdatamodeld;
			sourceTree = "<group>";
			versionGroupType = wrapper.xcdatamodel;
		};
/* End XCVersionGroup section */
	};
	rootObject = 9F4596712784A5DD00EBF6A7 /* Project object */;
}
